{
  "name": "qdk-public-api-spike",
  "lockfileVersion": 3,
  "requires": true,
  "packages": {
    "": {
      "name": "qdk-public-api-spike",
      "dependencies": {
        "qsharp-lang": "1.31.0"
      }
    },
    "node_modules/qsharp-lang": {
      "version": "1.31.0",
      "resolved": "https://registry.npmjs.org/qsharp-lang/-/qsharp-lang-1.31.0.tgz",
      "integrity": "sha512-22jHlIx5IgQcl973ezN2mledkccq2d3yvBdudVNuXOrZsmPzduoU6JDQ0qMpdN07cjjlSmeumlmSuGDSDmLl7Q==",
      "license": "MIT",
      "engines": {
        "node": ">=16.17.0"
      }
    }
  }
}
